
Microsoft Visual Studio Solution File, Format Version 12.00
# Visual Studio Version 16
VisualStudioVersion = 16.0.29806.167
MinimumVisualStudioVersion = 10.0.40219.1
Project("{FAE04EC0-301F-11D3-BF4B-00C04F79EFBC}") = "WebApplication2", "WebApplication2\WebApplication2.csproj", "{B4BD07DE-9A7A-4B40-949A-3BCED9A9B996}"
EndProject
Global
	GlobalSection(SolutionConfigurationPlatforms) = preSolution
		Debug|Any CPU = Debug|Any CPU
		Release|Any CPU = Release|Any CPU
	EndGlobalSection
	GlobalSection(ProjectConfigurationPlatforms) = postSolution
		{B4BD07DE-9A7A-4B40-949A-3BCED9A9B996}.Debug|Any CPU.ActiveCfg = Debug|Any CPU
		{B4BD07DE-9A7A-4B40-949A-3BCED9A9B996}.Debug|Any CPU.Build.0 = Debug|Any CPU
		{B4BD07DE-9A7A-4B40-949A-3BCED9A9B996}.Release|Any CPU.ActiveCfg = Release|Any CPU
		{B4BD07DE-9A7A-4B40-949A-3BCED9A9B996}.Release|Any CPU.Build.0 = Release|Any CPU
	EndGlobalSection
	GlobalSection(SolutionProperties) = preSolution
		HideSolutionNode = FALSE
	EndGlobalSection
	GlobalSection(ExtensibilityGlobals) = postSolution
		SolutionGuid = {7CFC8257-958E-414E-B40C-8F0EC8A42950}
	EndGlobalSection
EndGlobal
